
Microsoft Visual Studio Solution File, Format Version 12.00
# Visual Studio Version 17
VisualStudioVersion = 17.11.35312.102
MinimumVisualStudioVersion = 10.0.40219.1
Project("{FAE04EC0-301F-11D3-BF4B-00C04F79EFBC}") = "Week2_MetotUygulamam", "Week2_MetotUygulamam\Week2_MetotUygulamam.csproj", "{34B29CEC-76E8-49A3-9931-4A3579507D14}"
EndProject
Global
	GlobalSection(SolutionConfigurationPlatforms) = preSolution
		Debug|Any CPU = Debug|Any CPU
		Release|Any CPU = Release|Any CPU
	EndGlobalSection
	GlobalSection(ProjectConfigurationPlatforms) = postSolution
		{34B29CEC-76E8-49A3-9931-4A3579507D14}.Debug|Any CPU.ActiveCfg = Debug|Any CPU
		{34B29CEC-76E8-49A3-9931-4A3579507D14}.Debug|Any CPU.Build.0 = Debug|Any CPU
		{34B29CEC-76E8-49A3-9931-4A3579507D14}.Release|Any CPU.ActiveCfg = Release|Any CPU
		{34B29CEC-76E8-49A3-9931-4A3579507D14}.Release|Any CPU.Build.0 = Release|Any CPU
	EndGlobalSection
	GlobalSection(SolutionProperties) = preSolution
		HideSolutionNode = FALSE
	EndGlobalSection
	GlobalSection(ExtensibilityGlobals) = postSolution
		SolutionGuid = {830B118A-F8FC-42BE-A69A-56156EFB8786}
	EndGlobalSection
EndGlobal
